// !$*UTF8*$!
{
	archiveVersion = 1;
	classes = {
	};
	objectVersion = 46;
	objects = {

/* Begin PBXBuildFile section */
		3AAB36FD1A0282A300CF3454 /* main.m in Sources */ = {isa = PBXBuildFile; fileRef = 3AAB36FC1A0282A300CF3454 /* main.m */; };
		3AAB37041A02831000CF3454 /* libxml2.2.dylib in Frameworks */ = {isa = PBXBuildFile; fileRef = 3AAB37031A02831000CF3454 /* libxml2.2.dylib */; };
		3ADD7A221A0A734A007BB4AF /* TFHpple.m in Sources */ = {isa = PBXBuildFile; fileRef = 3ADD7A1F1A0A734A007BB4AF /* TFHpple.m */; };
		3ADD7A231A0A734A007BB4AF /* TFHppleElement.m in Sources */ = {isa = PBXBuildFile; fileRef = 3ADD7A211A0A734A007BB4AF /* TFHppleElement.m */; };
		3ADD7A271A0A7372007BB4AF /* XPathQuery.m in Sources */ = {isa = PBXBuildFile; fileRef = 3ADD7A261A0A7372007BB4AF /* XPathQuery.m */; };
/* End PBXBuildFile section */

/* Begin PBXCopyFilesBuildPhase section */
		3AAB36F71A0282A300CF3454 /* CopyFiles */ = {
			isa = PBXCopyFilesBuildPhase;
			buildActionMask = 2147483647;
			dstPath = /usr/share/man/man1/;
			dstSubfolderSpec = 0;
			files = (
			);
			runOnlyForDeploymentPostprocessing = 1;
		};
/* End PBXCopyFilesBuildPhase section */

/* Begin PBXFileReference section */
		3AAB36F91A0282A300CF3454 /* libxml2Test */ = {isa = PBXFileReference; explicitFileType = "compiled.mach-o.executable"; includeInIndex = 0; path = libxml2Test; sourceTree = BUILT_PRODUCTS_DIR; };
		3AAB36FC1A0282A300CF3454 /* main.m */ = {isa = PBXFileReference; lastKnownFileType = sourcecode.c.objc; path = main.m; sourceTree = "<group>"; };
		3AAB37031A02831000CF3454 /* libxml2.2.dylib */ = {isa = PBXFileReference; lastKnownFileType = "compiled.mach-o.dylib"; name = libxml2.2.dylib; path = usr/lib/libxml2.2.dylib; sourceTree = SDKROOT; };
		3ADD7A1E1A0A734A007BB4AF /* TFHpple.h */ = {isa = PBXFileReference; fileEncoding = 4; lastKnownFileType = sourcecode.c.h; name = TFHpple.h; path = Hpple/TFHpple.h; sourceTree = "<group>"; };
		3ADD7A1F1A0A734A007BB4AF /* TFHpple.m */ = {isa = PBXFileReference; fileEncoding = 4; lastKnownFileType = sourcecode.c.objc; name = TFHpple.m; path = Hpple/TFHpple.m; sourceTree = "<group>"; };
		3ADD7A201A0A734A007BB4AF /* TFHppleElement.h */ = {isa = PBXFileReference; fileEncoding = 4; lastKnownFileType = sourcecode.c.h; name = TFHppleElement.h; path = Hpple/TFHppleElement.h; sourceTree = "<group>"; };
		3ADD7A211A0A734A007BB4AF /* TFHppleElement.m */ = {isa = PBXFileReference; fileEncoding = 4; lastKnownFileType = sourcecode.c.objc; name = TFHppleElement.m; path = Hpple/TFHppleElement.m; sourceTree = "<group>"; };
		3ADD7A251A0A7372007BB4AF /* XPathQuery.h */ = {isa = PBXFileReference; fileEncoding = 4; lastKnownFileType = sourcecode.c.h; name = XPathQuery.h; path = Hpple/XPath/XPathQuery.h; sourceTree = "<group>"; };
		3ADD7A261A0A7372007BB4AF /* XPathQuery.m */ = {isa = PBXFileReference; fileEncoding = 4; lastKnownFileType = sourcecode.c.objc; name = XPathQuery.m; path = Hpple/XPath/XPathQuery.m; sourceTree = "<group>"; };
/* End PBXFileReference section */

/* Begin PBXFrameworksBuildPhase section */
		3AAB36F61A0282A300CF3454 /* Frameworks */ = {
			isa = PBXFrameworksBuildPhase;
			buildActionMask = 2147483647;
			files = (
				3AAB37041A02831000CF3454 /* libxml2.2.dylib in Frameworks */,
			);
			runOnlyForDeploymentPostprocessing = 0;
		};
/* End PBXFrameworksBuildPhase section */

/* Begin PBXGroup section */
		3AAB36F01A0282A300CF3454 = {
			isa = PBXGroup;
			children = (
				3AAB37031A02831000CF3454 /* libxml2.2.dylib */,
				3AAB36FB1A0282A300CF3454 /* libxml2Test */,
				3AAB36FA1A0282A300CF3454 /* Products */,
			);
			sourceTree = "<group>";
		};
		3AAB36FA1A0282A300CF3454 /* Products */ = {
			isa = PBXGroup;
			children = (
				3AAB36F91A0282A300CF3454 /* libxml2Test */,
			);
			name = Products;
			sourceTree = "<group>";
		};
		3AAB36FB1A0282A300CF3454 /* libxml2Test */ = {
			isa = PBXGroup;
			children = (
				3ADD7A1D1A0A7302007BB4AF /* Hpple */,
				3AAB36FC1A0282A300CF3454 /* main.m */,
			);
			path = libxml2Test;
			sourceTree = "<group>";
		};
		3ADD7A1D1A0A7302007BB4AF /* Hpple */ = {
			isa = PBXGroup;
			children = (
				3ADD7A241A0A7352007BB4AF /* XPath */,
				3ADD7A1E1A0A734A007BB4AF /* TFHpple.h */,
				3ADD7A1F1A0A734A007BB4AF /* TFHpple.m */,
				3ADD7A201A0A734A007BB4AF /* TFHppleElement.h */,
				3ADD7A211A0A734A007BB4AF /* TFHppleElement.m */,
			);
			name = Hpple;
			sourceTree = "<group>";
		};
		3ADD7A241A0A7352007BB4AF /* XPath */ = {
			isa = PBXGroup;
			children = (
				3ADD7A251A0A7372007BB4AF /* XPathQuery.h */,
				3ADD7A261A0A7372007BB4AF /* XPathQuery.m */,
			);
			name = XPath;
			sourceTree = "<group>";
		};
/* End PBXGroup section */

/* Begin PBXNativeTarget section */
		3AAB36F81A0282A300CF3454 /* libxml2Test */ = {
			isa = PBXNativeTarget;
			buildConfigurationList = 3AAB37001A0282A300CF3454 /* Build configuration list for PBXNativeTarget "libxml2Test" */;
			buildPhases = (
				3AAB36F51A0282A300CF3454 /* Sources */,
				3AAB36F61A0282A300CF3454 /* Frameworks */,
				3AAB36F71A0282A300CF3454 /* CopyFiles */,
			);
			buildRules = (
			);
			dependencies = (
			);
			name = libxml2Test;
			productName = libxml2Test;
			productReference = 3AAB36F91A0282A300CF3454 /* libxml2Test */;
			productType = "com.apple.product-type.tool";
		};
/* End PBXNativeTarget section */

/* Begin PBXProject section */
		3AAB36F11A0282A300CF3454 /* Project object */ = {
			isa = PBXProject;
			attributes = {
				LastUpgradeCheck = 0610;
				ORGANIZATIONNAME = lazio14;
				TargetAttributes = {
					3AAB36F81A0282A300CF3454 = {
						CreatedOnToolsVersion = 6.1;
					};
				};
			};
			buildConfigurationList = 3AAB36F41A0282A300CF3454 /* Build configuration list for PBXProject "libxml2Test" */;
			compatibilityVersion = "Xcode 3.2";
			developmentRegion = English;
			hasScannedForEncodings = 0;
			knownRegions = (
				en,
			);
			mainGroup = 3AAB36F01A0282A300CF3454;
			productRefGroup = 3AAB36FA1A0282A300CF3454 /* Products */;
			projectDirPath = "";
			projectRoot = "";
			targets = (
				3AAB36F81A0282A300CF3454 /* libxml2Test */,
			);
		};
/* End PBXProject section */

/* Begin PBXSourcesBuildPhase section */
		3AAB36F51A0282A300CF3454 /* Sources */ = {
			isa = PBXSourcesBuildPhase;
			buildActionMask = 2147483647;
			files = (
				3ADD7A231A0A734A007BB4AF /* TFHppleElement.m in Sources */,
				3AAB36FD1A0282A300CF3454 /* main.m in Sources */,
				3ADD7A271A0A7372007BB4AF /* XPathQuery.m in Sources */,
				3ADD7A221A0A734A007BB4AF /* TFHpple.m in Sources */,
			);
			runOnlyForDeploymentPostprocessing = 0;
		};
/* End PBXSourcesBuildPhase section */

/* Begin XCBuildConfiguration section */
		3AAB36FE1A0282A300CF3454 /* Debug */ = {
			isa = XCBuildConfiguration;
			buildSettings = {
				ALWAYS_SEARCH_USER_PATHS = NO;
				CLANG_CXX_LANGUAGE_STANDARD = "gnu++0x";
				CLANG_CXX_LIBRARY = "libc++";
				CLANG_ENABLE_MODULES = YES;
				CLANG_ENABLE_OBJC_ARC = YES;
				CLANG_WARN_BOOL_CONVERSION = YES;
				CLANG_WARN_CONSTANT_CONVERSION = YES;
				CLANG_WARN_DIRECT_OBJC_ISA_USAGE = YES_ERROR;
				CLANG_WARN_EMPTY_BODY = YES;
				CLANG_WARN_ENUM_CONVERSION = YES;
				CLANG_WARN_INT_CONVERSION = YES;
				CLANG_WARN_OBJC_ROOT_CLASS = YES_ERROR;
				CLANG_WARN_UNREACHABLE_CODE = YES;
				CLANG_WARN__DUPLICATE_METHOD_MATCH = YES;
				COPY_PHASE_STRIP = NO;
				ENABLE_STRICT_OBJC_MSGSEND = YES;
				GCC_C_LANGUAGE_STANDARD = gnu99;
				GCC_DYNAMIC_NO_PIC = NO;
				GCC_OPTIMIZATION_LEVEL = 0;
				GCC_PREPROCESSOR_DEFINITIONS = (
					"DEBUG=1",
					"$(inherited)",
				);
				GCC_SYMBOLS_PRIVATE_EXTERN = NO;
				GCC_WARN_64_TO_32_BIT_CONVERSION = YES;
				GCC_WARN_ABOUT_RETURN_TYPE = YES_ERROR;
				GCC_WARN_UNDECLARED_SELECTOR = YES;
				GCC_WARN_UNINITIALIZED_AUTOS = YES_AGGRESSIVE;
				GCC_WARN_UNUSED_FUNCTION = YES;
				GCC_WARN_UNUSED_VARIABLE = YES;
				MACOSX_DEPLOYMENT_TARGET = 10.10;
				MTL_ENABLE_DEBUG_INFO = YES;
				ONLY_ACTIVE_ARCH = YES;
				SDKROOT = macosx;
			};
			name = Debug;
		};
		3AAB36FF1A0282A300CF3454 /* Release */ = {
			isa = XCBuildConfiguration;
			buildSettings = {
				ALWAYS_SEARCH_USER_PATHS = NO;
				CLANG_CXX_LANGUAGE_STANDARD = "gnu++0x";
				CLANG_CXX_LIBRARY = "libc++";
				CLANG_ENABLE_MODULES = YES;
				CLANG_ENABLE_OBJC_ARC = YES;
				CLANG_WARN_BOOL_CONVERSION = YES;
				CLANG_WARN_CONSTANT_CONVERSION = YES;
				CLANG_WARN_DIRECT_OBJC_ISA_USAGE = YES_ERROR;
				CLANG_WARN_EMPTY_BODY = YES;
				CLANG_WARN_ENUM_CONVERSION = YES;
				CLANG_WARN_INT_CONVERSION = YES;
				CLANG_WARN_OBJC_ROOT_CLASS = YES_ERROR;
				CLANG_WARN_UNREACHABLE_CODE = YES;
				CLANG_WARN__DUPLICATE_METHOD_MATCH = YES;
				COPY_PHASE_STRIP = YES;
				DEBUG_INFORMATION_FORMAT = "dwarf-with-dsym";
				ENABLE_NS_ASSERTIONS = NO;
				ENABLE_STRICT_OBJC_MSGSEND = YES;
				GCC_C_LANGUAGE_STANDARD = gnu99;
				GCC_WARN_64_TO_32_BIT_CONVERSION = YES;
				GCC_WARN_ABOUT_RETURN_TYPE = YES_ERROR;
				GCC_WARN_UNDECLARED_SELECTOR = YES;
				GCC_WARN_UNINITIALIZED_AUTOS = YES_AGGRESSIVE;
				GCC_WARN_UNUSED_FUNCTION = YES;
				GCC_WARN_UNUSED_VARIABLE = YES;
				MACOSX_DEPLOYMENT_TARGET = 10.10;
				MTL_ENABLE_DEBUG_INFO = NO;
				SDKROOT = macosx;
			};
			name = Release;
		};
		3AAB37011A0282A300CF3454 /* Debug */ = {
			isa = XCBuildConfiguration;
			buildSettings = {
				"HEADER_SEARCH_PATHS[arch=*]" = "${SDK_ROOT}/usr/include/libxml2";
				PRODUCT_NAME = "$(TARGET_NAME)";
			};
			name = Debug;
		};
		3AAB37021A0282A300CF3454 /* Release */ = {
			isa = XCBuildConfiguration;
			buildSettings = {
				"HEADER_SEARCH_PATHS[arch=*]" = "${SDK_ROOT}/usr/include/libxml2";
				PRODUCT_NAME = "$(TARGET_NAME)";
			};
			name = Release;
		};
/* End XCBuildConfiguration section */

/* Begin XCConfigurationList section */
		3AAB36F41A0282A300CF3454 /* Build configuration list for PBXProject "libxml2Test" */ = {
			isa = XCConfigurationList;
			buildConfigurations = (
				3AAB36FE1A0282A300CF3454 /* Debug */,
				3AAB36FF1A0282A300CF3454 /* Release */,
			);
			defaultConfigurationIsVisible = 0;
			defaultConfigurationName = Release;
		};
		3AAB37001A0282A300CF3454 /* Build configuration list for PBXNativeTarget "libxml2Test" */ = {
			isa = XCConfigurationList;
			buildConfigurations = (
				3AAB37011A0282A300CF3454 /* Debug */,
				3AAB37021A0282A300CF3454 /* Release */,
			);
			defaultConfigurationIsVisible = 0;
			defaultConfigurationName = Release;
		};
/* End XCConfigurationList section */
	};
	rootObject = 3AAB36F11A0282A300CF3454 /* Project object */;
}
